<?xml version="1.0" encoding="UTF-8" standalone="yes" ?>
<CodeBlocks_project_file>
	<FileVersion major="1" minor="6" />
	<Project>
		<Option title="Construct" />
		<Option makefile_is_custom="1" />
		<Option pch_mode="2" />
		<Option compiler="gcc" />
		<Option virtualFolders="addons/;src/;build config/;" />
		<Build>
			<Target title="Debug">
				<Option output="bin/$(PROJECT_NAME)_debug" prefix_auto="1" extension_auto="1" />
				<Option working_dir="bin" />
				<Option object_output="obj/Debug/" />
				<Option external_deps="../../../libs/openFrameworksCompiled/lib/linux64/libopenFrameworksDebug.a;" />
				<Option type="1" />
				<Option compiler="gcc" />
				<Option projectLinkerOptionsRelation="2" />
			</Target>
			<Target title="Release">
				<Option output="bin/$(PROJECT_NAME)" prefix_auto="1" extension_auto="1" />
				<Option working_dir="bin" />
				<Option object_output="obj/Release/" />
				<Option external_deps="../../../libs/openFrameworksCompiled/lib/linux64/libopenFrameworks.a;" />
				<Option type="1" />
				<Option compiler="gcc" />
				<Option projectLinkerOptionsRelation="2" />
			</Target>
		</Build>
		<Unit filename="../../../libs/openFrameworks/3d/of3dPrimitives.h" />
		<Unit filename="../../../libs/openFrameworks/3d/of3dUtils.h" />
		<Unit filename="../../../libs/openFrameworks/3d/ofCamera.h" />
		<Unit filename="../../../libs/openFrameworks/3d/ofEasyCam.h" />
		<Unit filename="../../../libs/openFrameworks/3d/ofMesh.h" />
		<Unit filename="../../../libs/openFrameworks/3d/ofNode.h" />
		<Unit filename="../../../libs/openFrameworks/app/ofAppBaseWindow.h" />
		<Unit filename="../../../libs/openFrameworks/app/ofAppEGLWindow.h" />
		<Unit filename="../../../libs/openFrameworks/app/ofAppGLFWWindow.h" />
		<Unit filename="../../../libs/openFrameworks/app/ofAppGlutWindow.h" />
		<Unit filename="../../../libs/openFrameworks/app/ofAppNoWindow.h" />
		<Unit filename="../../../libs/openFrameworks/app/ofAppRunner.h" />
		<Unit filename="../../../libs/openFrameworks/app/ofBaseApp.h" />
		<Unit filename="../../../libs/openFrameworks/app/ofIcon.h" />
		<Unit filename="../../../libs/openFrameworks/communication/ofArduino.h" />
		<Unit filename="../../../libs/openFrameworks/communication/ofSerial.h" />
		<Unit filename="../../../libs/openFrameworks/events/ofDelegate.h" />
		<Unit filename="../../../libs/openFrameworks/events/ofEventUtils.h" />
		<Unit filename="../../../libs/openFrameworks/events/ofEvents.h" />
		<Unit filename="../../../libs/openFrameworks/gl/ofFbo.h" />
		<Unit filename="../../../libs/openFrameworks/gl/ofGLProgrammableRenderer.h" />
		<Unit filename="../../../libs/openFrameworks/gl/ofGLRenderer.h" />
		<Unit filename="../../../libs/openFrameworks/gl/ofGLUtils.h" />
		<Unit filename="../../../libs/openFrameworks/gl/ofLight.h" />
		<Unit filename="../../../libs/openFrameworks/gl/ofMaterial.h" />
		<Unit filename="../../../libs/openFrameworks/gl/ofShader.h" />
		<Unit filename="../../../libs/openFrameworks/gl/ofTexture.h" />
		<Unit filename="../../../libs/openFrameworks/gl/ofVbo.h" />
		<Unit filename="../../../libs/openFrameworks/gl/ofVboMesh.h" />
		<Unit filename="../../../libs/openFrameworks/graphics/of3dGraphics.h" />
		<Unit filename="../../../libs/openFrameworks/graphics/ofBitmapFont.h" />
		<Unit filename="../../../libs/openFrameworks/graphics/ofCairoRenderer.h" />
		<Unit filename="../../../libs/openFrameworks/graphics/ofGraphics.h" />
		<Unit filename="../../../libs/openFrameworks/graphics/ofImage.h" />
		<Unit filename="../../../libs/openFrameworks/graphics/ofPath.h" />
		<Unit filename="../../../libs/openFrameworks/graphics/ofPixels.h" />
		<Unit filename="../../../libs/openFrameworks/graphics/ofPolyline.h" />
		<Unit filename="../../../libs/openFrameworks/graphics/ofRendererCollection.h" />
		<Unit filename="../../../libs/openFrameworks/graphics/ofTessellator.h" />
		<Unit filename="../../../libs/openFrameworks/graphics/ofTrueTypeFont.h" />
		<Unit filename="../../../libs/openFrameworks/math/ofMath.h" />
		<Unit filename="../../../libs/openFrameworks/math/ofMatrix3x3.h" />
		<Unit filename="../../../libs/openFrameworks/math/ofMatrix4x4.h" />
		<Unit filename="../../../libs/openFrameworks/math/ofQuaternion.h" />
		<Unit filename="../../../libs/openFrameworks/math/ofVec2f.h" />
		<Unit filename="../../../libs/openFrameworks/math/ofVec3f.h" />
		<Unit filename="../../../libs/openFrameworks/math/ofVec4f.h" />
		<Unit filename="../../../libs/openFrameworks/math/ofVectorMath.h" />
		<Unit filename="../../../libs/openFrameworks/ofMain.h" />
		<Unit filename="../../../libs/openFrameworks/sound/ofBaseSoundPlayer.h" />
		<Unit filename="../../../libs/openFrameworks/sound/ofBaseSoundStream.h" />
		<Unit filename="../../../libs/openFrameworks/sound/ofFmodSoundPlayer.h" />
		<Unit filename="../../../libs/openFrameworks/sound/ofOpenALSoundPlayer.h" />
		<Unit filename="../../../libs/openFrameworks/sound/ofPASoundStream.h" />
		<Unit filename="../../../libs/openFrameworks/sound/ofRtAudioSoundStream.h" />
		<Unit filename="../../../libs/openFrameworks/sound/ofSoundPlayer.h" />
		<Unit filename="../../../libs/openFrameworks/sound/ofSoundStream.h" />
		<Unit filename="../../../libs/openFrameworks/types/ofBaseTypes.h" />
		<Unit filename="../../../libs/openFrameworks/types/ofColor.h" />
		<Unit filename="../../../libs/openFrameworks/types/ofParameter.h" />
		<Unit filename="../../../libs/openFrameworks/types/ofParameterGroup.h" />
		<Unit filename="../../../libs/openFrameworks/types/ofPoint.h" />
		<Unit filename="../../../libs/openFrameworks/types/ofRectangle.h" />
		<Unit filename="../../../libs/openFrameworks/types/ofTypes.h" />
		<Unit filename="../../../libs/openFrameworks/utils/ofConstants.h" />
		<Unit filename="../../../libs/openFrameworks/utils/ofFileUtils.h" />
		<Unit filename="../../../libs/openFrameworks/utils/ofLog.h" />
		<Unit filename="../../../libs/openFrameworks/utils/ofMatrixStack.h" />
		<Unit filename="../../../libs/openFrameworks/utils/ofNoise.h" />
		<Unit filename="../../../libs/openFrameworks/utils/ofSystemUtils.h" />
		<Unit filename="../../../libs/openFrameworks/utils/ofThread.h" />
		<Unit filename="../../../libs/openFrameworks/utils/ofURLFileLoader.h" />
		<Unit filename="../../../libs/openFrameworks/utils/ofUtils.h" />
		<Unit filename="../../../libs/openFrameworks/utils/ofXml.h" />
		<Unit filename="../../../libs/openFrameworks/video/ofDirectShowGrabber.h" />
		<Unit filename="../../../libs/openFrameworks/video/ofGstUtils.h" />
		<Unit filename="../../../libs/openFrameworks/video/ofGstVideoGrabber.h" />
		<Unit filename="../../../libs/openFrameworks/video/ofGstVideoPlayer.h" />
		<Unit filename="../../../libs/openFrameworks/video/ofQTKitGrabber.h" />
		<Unit filename="../../../libs/openFrameworks/video/ofQTKitMovieRenderer.h" />
		<Unit filename="../../../libs/openFrameworks/video/ofQTKitPlayer.h" />
		<Unit filename="../../../libs/openFrameworks/video/ofQtUtils.h" />
		<Unit filename="../../../libs/openFrameworks/video/ofQuickTimeGrabber.h" />
		<Unit filename="../../../libs/openFrameworks/video/ofQuickTimePlayer.h" />
		<Unit filename="../../../libs/openFrameworks/video/ofVideoGrabber.h" />
		<Unit filename="../../../libs/openFrameworks/video/ofVideoPlayer.h" />
		<Unit filename="config.make">
			<Option virtualFolder="build config" />
		</Unit>
		<Unit filename="src/ConstructApp.cpp">
			<Option virtualFolder="src/" />
		</Unit>
		<Unit filename="src/ConstructApp.h">
			<Option virtualFolder="src/" />
		</Unit>
		<Unit filename="src/main.cpp">
			<Option virtualFolder="src/" />
		</Unit>
		<Unit filename="src/objects/ConstructedLine.cpp" />
		<Unit filename="src/objects/ConstructedLine.h" />
		<Unit filename="src/objects/ConstructedObject.h" />
		<Unit filename="src/objects/ConstructedPoint.cpp" />
		<Unit filename="src/objects/ConstructedPoint.h" />
		<Unit filename="src/objects/Space.cpp" />
		<Unit filename="src/objects/Space.h" />
		<Unit filename="src/tools/CoincidentTool.cpp" />
		<Unit filename="src/tools/CoincidentTool.h" />
		<Unit filename="src/tools/LineTool.cpp" />
		<Unit filename="src/tools/LineTool.h" />
		<Unit filename="src/tools/PointTool.cpp" />
		<Unit filename="src/tools/PointTool.h" />
		<Unit filename="src/tools/SelectionTool.cpp" />
		<Unit filename="src/tools/SelectionTool.h" />
		<Unit filename="src/tools/Tool.h" />
		<Unit filename="src/tools/Toolbar.cpp" />
		<Unit filename="src/tools/Toolbar.h" />
		<Extensions>
			<code_completion />
			<envvars />
			<debugger />
			<DoxyBlocks>
				<comment_style block="0" line="0" />
				<doxyfile_project />
				<doxyfile_build />
				<doxyfile_warnings />
				<doxyfile_output />
				<doxyfile_dot />
				<general />
			</DoxyBlocks>
		</Extensions>
	</Project>
</CodeBlocks_project_file>
